
Microsoft Visual Studio Solution File, Format Version 12.00
# Visual Studio Version 17
VisualStudioVersion = 17.3.32804.467
MinimumVisualStudioVersion = 10.0.40219.1
Project("{FAE04EC0-301F-11D3-BF4B-00C04F79EFBC}") = "ConsoleApp1", "ConsoleApp1\ConsoleApp1.csproj", "{E4B110D1-DF94-4F18-A741-385F31D19BBD}"
EndProject
Global
	GlobalSection(SolutionConfigurationPlatforms) = preSolution
		Debug|Any CPU = Debug|Any CPU
		Release|Any CPU = Release|Any CPU
	EndGlobalSection
	GlobalSection(ProjectConfigurationPlatforms) = postSolution
		{E4B110D1-DF94-4F18-A741-385F31D19BBD}.Debug|Any CPU.ActiveCfg = Debug|Any CPU
		{E4B110D1-DF94-4F18-A741-385F31D19BBD}.Debug|Any CPU.Build.0 = Debug|Any CPU
		{E4B110D1-DF94-4F18-A741-385F31D19BBD}.Release|Any CPU.ActiveCfg = Release|Any CPU
		{E4B110D1-DF94-4F18-A741-385F31D19BBD}.Release|Any CPU.Build.0 = Release|Any CPU
	EndGlobalSection
	GlobalSection(SolutionProperties) = preSolution
		HideSolutionNode = FALSE
	EndGlobalSection
	GlobalSection(ExtensibilityGlobals) = postSolution
		SolutionGuid = {66DFCC0A-806C-429E-A5C6-596EE0027D13}
	EndGlobalSection
EndGlobal
